
Microsoft Visual Studio Solution File, Format Version 12.00
# Visual Studio Version 17
VisualStudioVersion = 17.11.35327.3
MinimumVisualStudioVersion = 10.0.40219.1
Project("{8BC9CEB8-8B4A-11D0-8D11-00A0C91BC942}") = "SEMO_Programming_Study", "SEMO_Programming_Study.vcxproj", "{E76713FF-E8C7-4CBF-8B65-07CFAE8862AD}"
EndProject
Global
	GlobalSection(SolutionConfigurationPlatforms) = preSolution
		Debug|x64 = Debug|x64
		Debug|x86 = Debug|x86
		Release|x64 = Release|x64
		Release|x86 = Release|x86
	EndGlobalSection
	GlobalSection(ProjectConfigurationPlatforms) = postSolution
		{E76713FF-E8C7-4CBF-8B65-07CFAE8862AD}.Debug|x64.ActiveCfg = Debug|x64
		{E76713FF-E8C7-4CBF-8B65-07CFAE8862AD}.Debug|x64.Build.0 = Debug|x64
		{E76713FF-E8C7-4CBF-8B65-07CFAE8862AD}.Debug|x86.ActiveCfg = Debug|Win32
		{E76713FF-E8C7-4CBF-8B65-07CFAE8862AD}.Debug|x86.Build.0 = Debug|Win32
		{E76713FF-E8C7-4CBF-8B65-07CFAE8862AD}.Release|x64.ActiveCfg = Release|x64
		{E76713FF-E8C7-4CBF-8B65-07CFAE8862AD}.Release|x64.Build.0 = Release|x64
		{E76713FF-E8C7-4CBF-8B65-07CFAE8862AD}.Release|x86.ActiveCfg = Release|Win32
		{E76713FF-E8C7-4CBF-8B65-07CFAE8862AD}.Release|x86.Build.0 = Release|Win32
	EndGlobalSection
	GlobalSection(SolutionProperties) = preSolution
		HideSolutionNode = FALSE
	EndGlobalSection
	GlobalSection(ExtensibilityGlobals) = postSolution
		SolutionGuid = {F49B1D80-E0D3-4E0F-9607-FEF14CCE1F60}
	EndGlobalSection
EndGlobal
